
Microsoft Visual Studio Solution File, Format Version 12.00
# Visual Studio Version 16
VisualStudioVersion = 16.0.30503.244
MinimumVisualStudioVersion = 10.0.40219.1
Project("{FAE04EC0-301F-11D3-BF4B-00C04F79EFBC}") = "lab16", "lab16\lab16.csproj", "{4A80DD58-1961-4FD2-9A8D-792E8F6AE625}"
EndProject
Global
	GlobalSection(SolutionConfigurationPlatforms) = preSolution
		Debug|Any CPU = Debug|Any CPU
		Release|Any CPU = Release|Any CPU
	EndGlobalSection
	GlobalSection(ProjectConfigurationPlatforms) = postSolution
		{4A80DD58-1961-4FD2-9A8D-792E8F6AE625}.Debug|Any CPU.ActiveCfg = Debug|Any CPU
		{4A80DD58-1961-4FD2-9A8D-792E8F6AE625}.Debug|Any CPU.Build.0 = Debug|Any CPU
		{4A80DD58-1961-4FD2-9A8D-792E8F6AE625}.Release|Any CPU.ActiveCfg = Release|Any CPU
		{4A80DD58-1961-4FD2-9A8D-792E8F6AE625}.Release|Any CPU.Build.0 = Release|Any CPU
	EndGlobalSection
	GlobalSection(SolutionProperties) = preSolution
		HideSolutionNode = FALSE
	EndGlobalSection
	GlobalSection(ExtensibilityGlobals) = postSolution
		SolutionGuid = {12B7CD3D-6D2A-40CE-8027-8C24EDD2D66E}
	EndGlobalSection
EndGlobal
